
Microsoft Visual Studio Solution File, Format Version 12.00
# Visual Studio Version 17
VisualStudioVersion = 17.9.34714.143
MinimumVisualStudioVersion = 10.0.40219.1
Project("{FAE04EC0-301F-11D3-BF4B-00C04F79EFBC}") = "Words", "Words.csproj", "{CC3F93DF-772F-4E3B-A7BC-4BC6B5D08434}"
EndProject
Global
	GlobalSection(SolutionConfigurationPlatforms) = preSolution
		Debug|Any CPU = Debug|Any CPU
		Release|Any CPU = Release|Any CPU
	EndGlobalSection
	GlobalSection(ProjectConfigurationPlatforms) = postSolution
		{CC3F93DF-772F-4E3B-A7BC-4BC6B5D08434}.Debug|Any CPU.ActiveCfg = Debug|Any CPU
		{CC3F93DF-772F-4E3B-A7BC-4BC6B5D08434}.Debug|Any CPU.Build.0 = Debug|Any CPU
		{CC3F93DF-772F-4E3B-A7BC-4BC6B5D08434}.Release|Any CPU.ActiveCfg = Release|Any CPU
		{CC3F93DF-772F-4E3B-A7BC-4BC6B5D08434}.Release|Any CPU.Build.0 = Release|Any CPU
	EndGlobalSection
	GlobalSection(SolutionProperties) = preSolution
		HideSolutionNode = FALSE
	EndGlobalSection
	GlobalSection(ExtensibilityGlobals) = postSolution
		SolutionGuid = {E74B942D-ADB4-4EE8-B0C8-705AC69CC54E}
	EndGlobalSection
EndGlobal
